// !$*UTF8*$!
{
	archiveVersion = 1;
	classes = {
	};
	objectVersion = 55;
	objects = {

/* Begin PBXBuildFile section */
		8B4E2080286CE11B0087C9DF /* LearningTemplateApp.swift in Sources */ = {isa = PBXBuildFile; fileRef = 8B4E207F286CE11B0087C9DF /* LearningTemplateApp.swift */; };
		8B4E2082286CE11B0087C9DF /* HomeView.swift in Sources */ = {isa = PBXBuildFile; fileRef = 8B4E2081286CE11B0087C9DF /* HomeView.swift */; };
		8B4E2084286CE11C0087C9DF /* Assets.xcassets in Resources */ = {isa = PBXBuildFile; fileRef = 8B4E2083286CE11C0087C9DF /* Assets.xcassets */; };
		8B4E2087286CE11C0087C9DF /* Preview Assets.xcassets in Resources */ = {isa = PBXBuildFile; fileRef = 8B4E2086286CE11C0087C9DF /* Preview Assets.xcassets */; };
		8B4E2093286CE2D50087C9DF /* ContentModel.swift in Sources */ = {isa = PBXBuildFile; fileRef = 8B4E2092286CE2D50087C9DF /* ContentModel.swift */; };
		8B4E2096286CE5DE0087C9DF /* data.json in Resources */ = {isa = PBXBuildFile; fileRef = 8B4E2094286CE5DE0087C9DF /* data.json */; };
		8B4E2097286CE5DE0087C9DF /* style.html in Resources */ = {isa = PBXBuildFile; fileRef = 8B4E2095286CE5DE0087C9DF /* style.html */; };
		8B4E2099286CE7470087C9DF /* Models.swift in Sources */ = {isa = PBXBuildFile; fileRef = 8B4E2098286CE7470087C9DF /* Models.swift */; };
/* End PBXBuildFile section */

/* Begin PBXFileReference section */
		8B4E207C286CE11B0087C9DF /* Learning App Template.app */ = {isa = PBXFileReference; explicitFileType = wrapper.application; includeInIndex = 0; path = "Learning App Template.app"; sourceTree = BUILT_PRODUCTS_DIR; };
		8B4E207F286CE11B0087C9DF /* LearningTemplateApp.swift */ = {isa = PBXFileReference; lastKnownFileType = sourcecode.swift; path = LearningTemplateApp.swift; sourceTree = "<group>"; };
		8B4E2081286CE11B0087C9DF /* HomeView.swift */ = {isa = PBXFileReference; lastKnownFileType = sourcecode.swift; path = HomeView.swift; sourceTree = "<group>"; };
		8B4E2083286CE11C0087C9DF /* Assets.xcassets */ = {isa = PBXFileReference; lastKnownFileType = folder.assetcatalog; path = Assets.xcassets; sourceTree = "<group>"; };
		8B4E2086286CE11C0087C9DF /* Preview Assets.xcassets */ = {isa = PBXFileReference; lastKnownFileType = folder.assetcatalog; path = "Preview Assets.xcassets"; sourceTree = "<group>"; };
		8B4E2092286CE2D50087C9DF /* ContentModel.swift */ = {isa = PBXFileReference; lastKnownFileType = sourcecode.swift; path = ContentModel.swift; sourceTree = "<group>"; };
		8B4E2094286CE5DE0087C9DF /* data.json */ = {isa = PBXFileReference; fileEncoding = 4; lastKnownFileType = text.json; path = data.json; sourceTree = "<group>"; };
		8B4E2095286CE5DE0087C9DF /* style.html */ = {isa = PBXFileReference; fileEncoding = 4; lastKnownFileType = text.html; path = style.html; sourceTree = "<group>"; };
		8B4E2098286CE7470087C9DF /* Models.swift */ = {isa = PBXFileReference; lastKnownFileType = sourcecode.swift; path = Models.swift; sourceTree = "<group>"; };
/* End PBXFileReference section */

/* Begin PBXFrameworksBuildPhase section */
		8B4E2079286CE11B0087C9DF /* Frameworks */ = {
			isa = PBXFrameworksBuildPhase;
			buildActionMask = 2147483647;
			files = (
			);
			runOnlyForDeploymentPostprocessing = 0;
		};
/* End PBXFrameworksBuildPhase section */

/* Begin PBXGroup section */
		8B4E2073286CE11B0087C9DF = {
			isa = PBXGroup;
			children = (
				8B4E207E286CE11B0087C9DF /* Learning App Template */,
				8B4E207D286CE11B0087C9DF /* Products */,
			);
			sourceTree = "<group>";
		};
		8B4E207D286CE11B0087C9DF /* Products */ = {
			isa = PBXGroup;
			children = (
				8B4E207C286CE11B0087C9DF /* Learning App Template.app */,
			);
			name = Products;
			sourceTree = "<group>";
		};
		8B4E207E286CE11B0087C9DF /* Learning App Template */ = {
			isa = PBXGroup;
			children = (
				8B4E207F286CE11B0087C9DF /* LearningTemplateApp.swift */,
				8B4E208D286CE2900087C9DF /* Views */,
				8B4E208E286CE2950087C9DF /* ViewModels */,
				8B4E208F286CE29C0087C9DF /* Models */,
				8B4E2091286CE2A90087C9DF /* Helper */,
				8B4E2090286CE2A10087C9DF /* Resources */,
				8B4E2083286CE11C0087C9DF /* Assets.xcassets */,
				8B4E2085286CE11C0087C9DF /* Preview Content */,
			);
			path = "Learning App Template";
			sourceTree = "<group>";
		};
		8B4E2085286CE11C0087C9DF /* Preview Content */ = {
			isa = PBXGroup;
			children = (
				8B4E2086286CE11C0087C9DF /* Preview Assets.xcassets */,
			);
			path = "Preview Content";
			sourceTree = "<group>";
		};
		8B4E208D286CE2900087C9DF /* Views */ = {
			isa = PBXGroup;
			children = (
				8B4E2081286CE11B0087C9DF /* HomeView.swift */,
			);
			path = Views;
			sourceTree = "<group>";
		};
		8B4E208E286CE2950087C9DF /* ViewModels */ = {
			isa = PBXGroup;
			children = (
				8B4E2092286CE2D50087C9DF /* ContentModel.swift */,
			);
			path = ViewModels;
			sourceTree = "<group>";
		};
		8B4E208F286CE29C0087C9DF /* Models */ = {
			isa = PBXGroup;
			children = (
				8B4E2098286CE7470087C9DF /* Models.swift */,
			);
			path = Models;
			sourceTree = "<group>";
		};
		8B4E2090286CE2A10087C9DF /* Resources */ = {
			isa = PBXGroup;
			children = (
				8B4E2094286CE5DE0087C9DF /* data.json */,
				8B4E2095286CE5DE0087C9DF /* style.html */,
			);
			path = Resources;
			sourceTree = "<group>";
		};
		8B4E2091286CE2A90087C9DF /* Helper */ = {
			isa = PBXGroup;
			children = (
			);
			path = Helper;
			sourceTree = "<group>";
		};
/* End PBXGroup section */

/* Begin PBXNativeTarget section */
		8B4E207B286CE11B0087C9DF /* Learning App Template */ = {
			isa = PBXNativeTarget;
			buildConfigurationList = 8B4E208A286CE11C0087C9DF /* Build configuration list for PBXNativeTarget "Learning App Template" */;
			buildPhases = (
				8B4E2078286CE11B0087C9DF /* Sources */,
				8B4E2079286CE11B0087C9DF /* Frameworks */,
				8B4E207A286CE11B0087C9DF /* Resources */,
			);
			buildRules = (
			);
			dependencies = (
			);
			name = "Learning App Template";
			productName = "Learning App Template";
			productReference = 8B4E207C286CE11B0087C9DF /* Learning App Template.app */;
			productType = "com.apple.product-type.application";
		};
/* End PBXNativeTarget section */

/* Begin PBXProject section */
		8B4E2074286CE11B0087C9DF /* Project object */ = {
			isa = PBXProject;
			attributes = {
				BuildIndependentTargetsInParallel = 1;
				LastSwiftUpdateCheck = 1340;
				LastUpgradeCheck = 1340;
				TargetAttributes = {
					8B4E207B286CE11B0087C9DF = {
						CreatedOnToolsVersion = 13.4.1;
					};
				};
			};
			buildConfigurationList = 8B4E2077286CE11B0087C9DF /* Build configuration list for PBXProject "Learning App Template" */;
			compatibilityVersion = "Xcode 13.0";
			developmentRegion = en;
			hasScannedForEncodings = 0;
			knownRegions = (
				en,
				Base,
			);
			mainGroup = 8B4E2073286CE11B0087C9DF;
			productRefGroup = 8B4E207D286CE11B0087C9DF /* Products */;
			projectDirPath = "";
			projectRoot = "";
			targets = (
				8B4E207B286CE11B0087C9DF /* Learning App Template */,
			);
		};
/* End PBXProject section */

/* Begin PBXResourcesBuildPhase section */
		8B4E207A286CE11B0087C9DF /* Resources */ = {
			isa = PBXResourcesBuildPhase;
			buildActionMask = 2147483647;
			files = (
				8B4E2087286CE11C0087C9DF /* Preview Assets.xcassets in Resources */,
				8B4E2096286CE5DE0087C9DF /* data.json in Resources */,
				8B4E2097286CE5DE0087C9DF /* style.html in Resources */,
				8B4E2084286CE11C0087C9DF /* Assets.xcassets in Resources */,
			);
			runOnlyForDeploymentPostprocessing = 0;
		};
/* End PBXResourcesBuildPhase section */

/* Begin PBXSourcesBuildPhase section */
		8B4E2078286CE11B0087C9DF /* Sources */ = {
			isa = PBXSourcesBuildPhase;
			buildActionMask = 2147483647;
			files = (
				8B4E2082286CE11B0087C9DF /* HomeView.swift in Sources */,
				8B4E2080286CE11B0087C9DF /* LearningTemplateApp.swift in Sources */,
				8B4E2093286CE2D50087C9DF /* ContentModel.swift in Sources */,
				8B4E2099286CE7470087C9DF /* Models.swift in Sources */,
			);
			runOnlyForDeploymentPostprocessing = 0;
		};
/* End PBXSourcesBuildPhase section */

/* Begin XCBuildConfiguration section */
		8B4E2088286CE11C0087C9DF /* Debug */ = {
			isa = XCBuildConfiguration;
			buildSettings = {
				ALWAYS_SEARCH_USER_PATHS = NO;
				CLANG_ANALYZER_NONNULL = YES;
				CLANG_ANALYZER_NUMBER_OBJECT_CONVERSION = YES_AGGRESSIVE;
				CLANG_CXX_LANGUAGE_STANDARD = "gnu++17";
				CLANG_ENABLE_MODULES = YES;
				CLANG_ENABLE_OBJC_ARC = YES;
				CLANG_ENABLE_OBJC_WEAK = YES;
				CLANG_WARN_BLOCK_CAPTURE_AUTORELEASING = YES;
				CLANG_WARN_BOOL_CONVERSION = YES;
				CLANG_WARN_COMMA = YES;
				CLANG_WARN_CONSTANT_CONVERSION = YES;
				CLANG_WARN_DEPRECATED_OBJC_IMPLEMENTATIONS = YES;
				CLANG_WARN_DIRECT_OBJC_ISA_USAGE = YES_ERROR;
				CLANG_WARN_DOCUMENTATION_COMMENTS = YES;
				CLANG_WARN_EMPTY_BODY = YES;
				CLANG_WARN_ENUM_CONVERSION = YES;
				CLANG_WARN_INFINITE_RECURSION = YES;
				CLANG_WARN_INT_CONVERSION = YES;
				CLANG_WARN_NON_LITERAL_NULL_CONVERSION = YES;
				CLANG_WARN_OBJC_IMPLICIT_RETAIN_SELF = YES;
				CLANG_WARN_OBJC_LITERAL_CONVERSION = YES;
				CLANG_WARN_OBJC_ROOT_CLASS = YES_ERROR;
				CLANG_WARN_QUOTED_INCLUDE_IN_FRAMEWORK_HEADER = YES;
				CLANG_WARN_RANGE_LOOP_ANALYSIS = YES;
				CLANG_WARN_STRICT_PROTOTYPES = YES;
				CLANG_WARN_SUSPICIOUS_MOVE = YES;
				CLANG_WARN_UNGUARDED_AVAILABILITY = YES_AGGRESSIVE;
				CLANG_WARN_UNREACHABLE_CODE = YES;
				CLANG_WARN__DUPLICATE_METHOD_MATCH = YES;
				COPY_PHASE_STRIP = NO;
				DEBUG_INFORMATION_FORMAT = dwarf;
				ENABLE_STRICT_OBJC_MSGSEND = YES;
				ENABLE_TESTABILITY = YES;
				GCC_C_LANGUAGE_STANDARD = gnu11;
				GCC_DYNAMIC_NO_PIC = NO;
				GCC_NO_COMMON_BLOCKS = YES;
				GCC_OPTIMIZATION_LEVEL = 0;
				GCC_PREPROCESSOR_DEFINITIONS = (
					"DEBUG=1",
					"$(inherited)",
				);
				GCC_WARN_64_TO_32_BIT_CONVERSION = YES;
				GCC_WARN_ABOUT_RETURN_TYPE = YES_ERROR;
				GCC_WARN_UNDECLARED_SELECTOR = YES;
				GCC_WARN_UNINITIALIZED_AUTOS = YES_AGGRESSIVE;
				GCC_WARN_UNUSED_FUNCTION = YES;
				GCC_WARN_UNUSED_VARIABLE = YES;
				IPHONEOS_DEPLOYMENT_TARGET = 15.5;
				MTL_ENABLE_DEBUG_INFO = INCLUDE_SOURCE;
				MTL_FAST_MATH = YES;
				ONLY_ACTIVE_ARCH = YES;
				SDKROOT = iphoneos;
				SWIFT_ACTIVE_COMPILATION_CONDITIONS = DEBUG;
				SWIFT_OPTIMIZATION_LEVEL = "-Onone";
			};
			name = Debug;
		};
		8B4E2089286CE11C0087C9DF /* Release */ = {
			isa = XCBuildConfiguration;
			buildSettings = {
				ALWAYS_SEARCH_USER_PATHS = NO;
				CLANG_ANALYZER_NONNULL = YES;
				CLANG_ANALYZER_NUMBER_OBJECT_CONVERSION = YES_AGGRESSIVE;
				CLANG_CXX_LANGUAGE_STANDARD = "gnu++17";
				CLANG_ENABLE_MODULES = YES;
				CLANG_ENABLE_OBJC_ARC = YES;
				CLANG_ENABLE_OBJC_WEAK = YES;
				CLANG_WARN_BLOCK_CAPTURE_AUTORELEASING = YES;
				CLANG_WARN_BOOL_CONVERSION = YES;
				CLANG_WARN_COMMA = YES;
				CLANG_WARN_CONSTANT_CONVERSION = YES;
				CLANG_WARN_DEPRECATED_OBJC_IMPLEMENTATIONS = YES;
				CLANG_WARN_DIRECT_OBJC_ISA_USAGE = YES_ERROR;
				CLANG_WARN_DOCUMENTATION_COMMENTS = YES;
				CLANG_WARN_EMPTY_BODY = YES;
				CLANG_WARN_ENUM_CONVERSION = YES;
				CLANG_WARN_INFINITE_RECURSION = YES;
				CLANG_WARN_INT_CONVERSION = YES;
				CLANG_WARN_NON_LITERAL_NULL_CONVERSION = YES;
				CLANG_WARN_OBJC_IMPLICIT_RETAIN_SELF = YES;
				CLANG_WARN_OBJC_LITERAL_CONVERSION = YES;
				CLANG_WARN_OBJC_ROOT_CLASS = YES_ERROR;
				CLANG_WARN_QUOTED_INCLUDE_IN_FRAMEWORK_HEADER = YES;
				CLANG_WARN_RANGE_LOOP_ANALYSIS = YES;
				CLANG_WARN_STRICT_PROTOTYPES = YES;
				CLANG_WARN_SUSPICIOUS_MOVE = YES;
				CLANG_WARN_UNGUARDED_AVAILABILITY = YES_AGGRESSIVE;
				CLANG_WARN_UNREACHABLE_CODE = YES;
				CLANG_WARN__DUPLICATE_METHOD_MATCH = YES;
				COPY_PHASE_STRIP = NO;
				DEBUG_INFORMATION_FORMAT = "dwarf-with-dsym";
				ENABLE_NS_ASSERTIONS = NO;
				ENABLE_STRICT_OBJC_MSGSEND = YES;
				GCC_C_LANGUAGE_STANDARD = gnu11;
				GCC_NO_COMMON_BLOCKS = YES;
				GCC_WARN_64_TO_32_BIT_CONVERSION = YES;
				GCC_WARN_ABOUT_RETURN_TYPE = YES_ERROR;
				GCC_WARN_UNDECLARED_SELECTOR = YES;
				GCC_WARN_UNINITIALIZED_AUTOS = YES_AGGRESSIVE;
				GCC_WARN_UNUSED_FUNCTION = YES;
				GCC_WARN_UNUSED_VARIABLE = YES;
				IPHONEOS_DEPLOYMENT_TARGET = 15.5;
				MTL_ENABLE_DEBUG_INFO = NO;
				MTL_FAST_MATH = YES;
				SDKROOT = iphoneos;
				SWIFT_COMPILATION_MODE = wholemodule;
				SWIFT_OPTIMIZATION_LEVEL = "-O";
				VALIDATE_PRODUCT = YES;
			};
			name = Release;
		};
		8B4E208B286CE11C0087C9DF /* Debug */ = {
			isa = XCBuildConfiguration;
			buildSettings = {
				ASSETCATALOG_COMPILER_APPICON_NAME = AppIcon;
				ASSETCATALOG_COMPILER_GLOBAL_ACCENT_COLOR_NAME = AccentColor;
				CODE_SIGN_STYLE = Automatic;
				CURRENT_PROJECT_VERSION = 1;
				DEVELOPMENT_ASSET_PATHS = "\"Learning App Template/Preview Content\"";
				DEVELOPMENT_TEAM = 56W5CBC8F4;
				ENABLE_PREVIEWS = YES;
				GENERATE_INFOPLIST_FILE = YES;
				INFOPLIST_KEY_UIApplicationSceneManifest_Generation = YES;
				INFOPLIST_KEY_UIApplicationSupportsIndirectInputEvents = YES;
				INFOPLIST_KEY_UILaunchScreen_Generation = YES;
				INFOPLIST_KEY_UISupportedInterfaceOrientations_iPad = "UIInterfaceOrientationPortrait UIInterfaceOrientationPortraitUpsideDown UIInterfaceOrientationLandscapeLeft UIInterfaceOrientationLandscapeRight";
				INFOPLIST_KEY_UISupportedInterfaceOrientations_iPhone = "UIInterfaceOrientationPortrait UIInterfaceOrientationLandscapeLeft UIInterfaceOrientationLandscapeRight";
				LD_RUNPATH_SEARCH_PATHS = (
					"$(inherited)",
					"@executable_path/Frameworks",
				);
				MARKETING_VERSION = 1.0;
				PRODUCT_BUNDLE_IDENTIFIER = "com.solounity.Learning-App-Template";
				PRODUCT_NAME = "$(TARGET_NAME)";
				SWIFT_EMIT_LOC_STRINGS = YES;
				SWIFT_VERSION = 5.0;
				TARGETED_DEVICE_FAMILY = "1,2";
			};
			name = Debug;
		};
		8B4E208C286CE11C0087C9DF /* Release */ = {
			isa = XCBuildConfiguration;
			buildSettings = {
				ASSETCATALOG_COMPILER_APPICON_NAME = AppIcon;
				ASSETCATALOG_COMPILER_GLOBAL_ACCENT_COLOR_NAME = AccentColor;
				CODE_SIGN_STYLE = Automatic;
				CURRENT_PROJECT_VERSION = 1;
				DEVELOPMENT_ASSET_PATHS = "\"Learning App Template/Preview Content\"";
				DEVELOPMENT_TEAM = 56W5CBC8F4;
				ENABLE_PREVIEWS = YES;
				GENERATE_INFOPLIST_FILE = YES;
				INFOPLIST_KEY_UIApplicationSceneManifest_Generation = YES;
				INFOPLIST_KEY_UIApplicationSupportsIndirectInputEvents = YES;
				INFOPLIST_KEY_UILaunchScreen_Generation = YES;
				INFOPLIST_KEY_UISupportedInterfaceOrientations_iPad = "UIInterfaceOrientationPortrait UIInterfaceOrientationPortraitUpsideDown UIInterfaceOrientationLandscapeLeft UIInterfaceOrientationLandscapeRight";
				INFOPLIST_KEY_UISupportedInterfaceOrientations_iPhone = "UIInterfaceOrientationPortrait UIInterfaceOrientationLandscapeLeft UIInterfaceOrientationLandscapeRight";
				LD_RUNPATH_SEARCH_PATHS = (
					"$(inherited)",
					"@executable_path/Frameworks",
				);
				MARKETING_VERSION = 1.0;
				PRODUCT_BUNDLE_IDENTIFIER = "com.solounity.Learning-App-Template";
				PRODUCT_NAME = "$(TARGET_NAME)";
				SWIFT_EMIT_LOC_STRINGS = YES;
				SWIFT_VERSION = 5.0;
				TARGETED_DEVICE_FAMILY = "1,2";
			};
			name = Release;
		};
/* End XCBuildConfiguration section */

/* Begin XCConfigurationList section */
		8B4E2077286CE11B0087C9DF /* Build configuration list for PBXProject "Learning App Template" */ = {
			isa = XCConfigurationList;
			buildConfigurations = (
				8B4E2088286CE11C0087C9DF /* Debug */,
				8B4E2089286CE11C0087C9DF /* Release */,
			);
			defaultConfigurationIsVisible = 0;
			defaultConfigurationName = Release;
		};
		8B4E208A286CE11C0087C9DF /* Build configuration list for PBXNativeTarget "Learning App Template" */ = {
			isa = XCConfigurationList;
			buildConfigurations = (
				8B4E208B286CE11C0087C9DF /* Debug */,
				8B4E208C286CE11C0087C9DF /* Release */,
			);
			defaultConfigurationIsVisible = 0;
			defaultConfigurationName = Release;
		};
/* End XCConfigurationList section */
	};
	rootObject = 8B4E2074286CE11B0087C9DF /* Project object */;
}
